{
  "name": "@polinom-io/px-common-models-us",
  "version": "0.0.1",
  "lockfileVersion": 1,
  "requires": true,
  "dependencies": {
    "@polinom-io/px-common-models": {
      "version": "0.0.1",
      "resolved": "https://npm.pkg.github.com/download/@polinom-io/px-common-models/0.0.1/22345a7a16eb4d437919534944f0263169fefbe9a8da5a63aaefd62892df9c63",
      "integrity": "sha512-Jfu+/6N+lE72sw4UA6EgrhStc3RTopdn4lb+P958yo8BiuqgfwYJ8AF1uKBYAyKN9QIJSamKO00E/HVuzpBRBQ=="
    }
  }
}
